{
  "name": "github_api",
  "lockfileVersion": 3,
  "requires": true,
  "packages": {
    "": {
      "dependencies": {
        "simpledotcss": "^2.2.1"
      }
    },
    "node_modules/simpledotcss": {
      "version": "2.2.1",
      "resolved": "https://registry.npmjs.org/simpledotcss/-/simpledotcss-2.2.1.tgz",
      "integrity": "sha512-bEuU6rLmL8Lu6gBcn6HlslEEoHk4v8ldW3K4DOCT33e4L0Y3ExMT9DuITQ7KhRBKlKFDJ3DgAwxoGrN+0B9Jiw=="
    }
  }
}
